
Microsoft Visual Studio Solution File, Format Version 12.00
# Visual Studio Version 16
VisualStudioVersion = 16.0.30114.105
MinimumVisualStudioVersion = 10.0.40219.1
Project("{FAE04EC0-301F-11D3-BF4B-00C04F79EFBC}") = "DesertCamel.BaseMicroservices.SuperBootstrap.Event", "DesertCamel.BaseMicroservices.SuperBootstrap.Event\DesertCamel.BaseMicroservices.SuperBootstrap.Event.csproj", "{20F273C0-3174-4714-B224-C4B801762E9F}"
EndProject
Project("{FAE04EC0-301F-11D3-BF4B-00C04F79EFBC}") = "SuperBootstrapEvent.SampleProjectOne.WebApi", "SuperBootstrapEvent.SampleProjectOne.WebApi\SuperBootstrapEvent.SampleProjectOne.WebApi.csproj", "{1394918C-9173-447B-A909-9E50F3B2E25B}"
EndProject
Project("{FAE04EC0-301F-11D3-BF4B-00C04F79EFBC}") = "SuperBootstrapEvent.SampleProjectTwo.WebApi", "SuperBootstrapEvent.SampleProjectTwo.WebApi\SuperBootstrapEvent.SampleProjectTwo.WebApi.csproj", "{62125338-206E-4DE2-AF20-3299665B7A59}"
EndProject
Global
	GlobalSection(SolutionConfigurationPlatforms) = preSolution
		Debug|Any CPU = Debug|Any CPU
		Release|Any CPU = Release|Any CPU
	EndGlobalSection
	GlobalSection(SolutionProperties) = preSolution
		HideSolutionNode = FALSE
	EndGlobalSection
	GlobalSection(ProjectConfigurationPlatforms) = postSolution
		{20F273C0-3174-4714-B224-C4B801762E9F}.Debug|Any CPU.ActiveCfg = Debug|Any CPU
		{20F273C0-3174-4714-B224-C4B801762E9F}.Debug|Any CPU.Build.0 = Debug|Any CPU
		{20F273C0-3174-4714-B224-C4B801762E9F}.Release|Any CPU.ActiveCfg = Release|Any CPU
		{20F273C0-3174-4714-B224-C4B801762E9F}.Release|Any CPU.Build.0 = Release|Any CPU
		{1394918C-9173-447B-A909-9E50F3B2E25B}.Debug|Any CPU.ActiveCfg = Debug|Any CPU
		{1394918C-9173-447B-A909-9E50F3B2E25B}.Debug|Any CPU.Build.0 = Debug|Any CPU
		{1394918C-9173-447B-A909-9E50F3B2E25B}.Release|Any CPU.ActiveCfg = Release|Any CPU
		{1394918C-9173-447B-A909-9E50F3B2E25B}.Release|Any CPU.Build.0 = Release|Any CPU
		{62125338-206E-4DE2-AF20-3299665B7A59}.Debug|Any CPU.ActiveCfg = Debug|Any CPU
		{62125338-206E-4DE2-AF20-3299665B7A59}.Debug|Any CPU.Build.0 = Debug|Any CPU
		{62125338-206E-4DE2-AF20-3299665B7A59}.Release|Any CPU.ActiveCfg = Release|Any CPU
		{62125338-206E-4DE2-AF20-3299665B7A59}.Release|Any CPU.Build.0 = Release|Any CPU
	EndGlobalSection
EndGlobal
